
Microsoft Visual Studio Solution File, Format Version 12.00
# Visual Studio Version 16
VisualStudioVersion = 16.0.31424.327
MinimumVisualStudioVersion = 10.0.40219.1
Project("{FAE04EC0-301F-11D3-BF4B-00C04F79EFBC}") = "P1", "P1\P1.csproj", "{C5C7C53E-3225-43D2-ADB7-0E23D6B3330D}"
EndProject
Global
	GlobalSection(SolutionConfigurationPlatforms) = preSolution
		Debug|Any CPU = Debug|Any CPU
		Release|Any CPU = Release|Any CPU
	EndGlobalSection
	GlobalSection(ProjectConfigurationPlatforms) = postSolution
		{C5C7C53E-3225-43D2-ADB7-0E23D6B3330D}.Debug|Any CPU.ActiveCfg = Debug|Any CPU
		{C5C7C53E-3225-43D2-ADB7-0E23D6B3330D}.Debug|Any CPU.Build.0 = Debug|Any CPU
		{C5C7C53E-3225-43D2-ADB7-0E23D6B3330D}.Release|Any CPU.ActiveCfg = Release|Any CPU
		{C5C7C53E-3225-43D2-ADB7-0E23D6B3330D}.Release|Any CPU.Build.0 = Release|Any CPU
	EndGlobalSection
	GlobalSection(SolutionProperties) = preSolution
		HideSolutionNode = FALSE
	EndGlobalSection
	GlobalSection(ExtensibilityGlobals) = postSolution
		SolutionGuid = {731890F5-BE89-4AAC-9100-29187DC9E9BF}
	EndGlobalSection
EndGlobal
